
Microsoft Visual Studio Solution File, Format Version 12.00
# Visual Studio Version 17
VisualStudioVersion = 17.3.32901.215
MinimumVisualStudioVersion = 10.0.40219.1
Project("{FAE04EC0-301F-11D3-BF4B-00C04F79EFBC}") = "C_Sharp_Tasks", "C_Sharp_Tasks.csproj", "{BE3B5782-1B52-4FB2-9EE1-7F3853DF5518}"
EndProject
Global
	GlobalSection(SolutionConfigurationPlatforms) = preSolution
		Debug|Any CPU = Debug|Any CPU
		Release|Any CPU = Release|Any CPU
	EndGlobalSection
	GlobalSection(ProjectConfigurationPlatforms) = postSolution
		{BE3B5782-1B52-4FB2-9EE1-7F3853DF5518}.Debug|Any CPU.ActiveCfg = Debug|Any CPU
		{BE3B5782-1B52-4FB2-9EE1-7F3853DF5518}.Debug|Any CPU.Build.0 = Debug|Any CPU
		{BE3B5782-1B52-4FB2-9EE1-7F3853DF5518}.Release|Any CPU.ActiveCfg = Release|Any CPU
		{BE3B5782-1B52-4FB2-9EE1-7F3853DF5518}.Release|Any CPU.Build.0 = Release|Any CPU
	EndGlobalSection
	GlobalSection(SolutionProperties) = preSolution
		HideSolutionNode = FALSE
	EndGlobalSection
	GlobalSection(ExtensibilityGlobals) = postSolution
		SolutionGuid = {D9216FDB-861A-41DF-B80D-3D5BA09567B1}
	EndGlobalSection
EndGlobal
